
Microsoft Visual Studio Solution File, Format Version 12.00
# Visual Studio 14
VisualStudioVersion = 14.0.25420.1
MinimumVisualStudioVersion = 10.0.40219.1
Project("{FAE04EC0-301F-11D3-BF4B-00C04F79EFBC}") = "MvvmCross-Desktop-App", "MvvmCross-Desktop-App\MvvmCross-Desktop-App.csproj", "{0C9AAE08-8972-4526-8932-55A531D068BC}"
EndProject
Project("{FAE04EC0-301F-11D3-BF4B-00C04F79EFBC}") = "TipCalc.Core", "TipCalc.Core\TipCalc.Core.csproj", "{E07E95AE-557F-469F-B2F5-B157474A2BE6}"
EndProject
Global
	GlobalSection(SolutionConfigurationPlatforms) = preSolution
		Debug|Any CPU = Debug|Any CPU
		Release|Any CPU = Release|Any CPU
	EndGlobalSection
	GlobalSection(ProjectConfigurationPlatforms) = postSolution
		{0C9AAE08-8972-4526-8932-55A531D068BC}.Debug|Any CPU.ActiveCfg = Debug|Any CPU
		{0C9AAE08-8972-4526-8932-55A531D068BC}.Debug|Any CPU.Build.0 = Debug|Any CPU
		{0C9AAE08-8972-4526-8932-55A531D068BC}.Release|Any CPU.ActiveCfg = Release|Any CPU
		{0C9AAE08-8972-4526-8932-55A531D068BC}.Release|Any CPU.Build.0 = Release|Any CPU
		{E07E95AE-557F-469F-B2F5-B157474A2BE6}.Debug|Any CPU.ActiveCfg = Debug|Any CPU
		{E07E95AE-557F-469F-B2F5-B157474A2BE6}.Debug|Any CPU.Build.0 = Debug|Any CPU
		{E07E95AE-557F-469F-B2F5-B157474A2BE6}.Release|Any CPU.ActiveCfg = Release|Any CPU
		{E07E95AE-557F-469F-B2F5-B157474A2BE6}.Release|Any CPU.Build.0 = Release|Any CPU
	EndGlobalSection
	GlobalSection(SolutionProperties) = preSolution
		HideSolutionNode = FALSE
	EndGlobalSection
EndGlobal
